
Microsoft Visual Studio Solution File, Format Version 12.00
# Visual Studio Version 17
VisualStudioVersion = 17.11.35312.102
MinimumVisualStudioVersion = 10.0.40219.1
Project("{2150E333-8FDC-42A3-9474-1A3956D46DE8}") = "Task0", "Task0", "{40274A0C-5936-4909-BC74-61323083CC7B}"
EndProject
Project("{FAE04EC0-301F-11D3-BF4B-00C04F79EFBC}") = "Tyuiu.NovikovDS.Sprint0.Task0.V0", "Tyuiu.NovikovDS.Sprint0.Task0.V0\Tyuiu.NovikovDS.Sprint0.Task0.V0.csproj", "{B1DF676F-FA9A-454A-93CD-015F15EC88D6}"
EndProject
Project("{2150E333-8FDC-42A3-9474-1A3956D46DE8}") = "Task1", "Task1", "{0528EE1E-215E-47EA-A981-F42A131AFCC3}"
EndProject
Project("{FAE04EC0-301F-11D3-BF4B-00C04F79EFBC}") = "Tyuiu.NovikovDS.Sprint0.Task1.V0", "Tyuiu.NovikovDS.Sprint0.Task1.V0\Tyuiu.NovikovDS.Sprint0.Task1.V0.csproj", "{8B348E09-7B94-445D-8301-75A22196413F}"
EndProject
Project("{2150E333-8FDC-42A3-9474-1A3956D46DE8}") = "Task2", "Task2", "{F3CE83A7-3804-4AEF-8DDC-E3F0204D7878}"
EndProject
Project("{FAE04EC0-301F-11D3-BF4B-00C04F79EFBC}") = "Tyuiu.NovikovDS.Sprint0.Task2.V0", "Tyuiu.NovikovDS.Sprint0.Task2.V0\Tyuiu.NovikovDS.Sprint0.Task2.V0.csproj", "{E00B92C5-6197-400E-8D64-17CA2E317476}"
EndProject
Project("{FAE04EC0-301F-11D3-BF4B-00C04F79EFBC}") = "Tyuiu.NovikovDS.Sprint0.Task2.V0.Lib", "Tyuiu.NovikovDS.Sprint0.Task2.V0.Lib\Tyuiu.NovikovDS.Sprint0.Task2.V0.Lib.csproj", "{B8F18F05-F685-4223-9791-6E9908DF408C}"
EndProject
Project("{FAE04EC0-301F-11D3-BF4B-00C04F79EFBC}") = "Tyuiu.NovikovDS.Sprint0.Task2.V0.Test", "Tyuiu.NovikovDS.Sprint0.Task2.V0.Test\Tyuiu.NovikovDS.Sprint0.Task2.V0.Test.csproj", "{65A7D372-F816-4117-9584-0EC01221264D}"
EndProject
Project("{2150E333-8FDC-42A3-9474-1A3956D46DE8}") = "Task3", "Task3", "{41B2E3DC-F0AD-427C-819C-3C24B0B3D0D3}"
EndProject
Project("{FAE04EC0-301F-11D3-BF4B-00C04F79EFBC}") = "Tyuiu.NovikovDS.Sprint0.Task3.V0", "Tyuiu.NovikovDS.Sprint0.Task3.V0\Tyuiu.NovikovDS.Sprint0.Task3.V0.csproj", "{85E82186-BA12-4412-A9F6-BE6510EFD17A}"
EndProject
Project("{FAE04EC0-301F-11D3-BF4B-00C04F79EFBC}") = "Tyuiu.NovikovDS.Sprint0.Task3.V0.Test", "Tyuiu.NovikovDS.Sprint0.Task3.V0.Test\Tyuiu.NovikovDS.Sprint0.Task3.V0.Test.csproj", "{4589437C-E3DE-463D-A992-AA78EB3A2F3C}"
EndProject
Project("{FAE04EC0-301F-11D3-BF4B-00C04F79EFBC}") = "Tyuiu.NovikovDS.Sprint0.Task3.V0.Lib", "Tyuiu.NovikovDS.Sprint0.Task3.V0.Lib\Tyuiu.NovikovDS.Sprint0.Task3.V0.Lib.csproj", "{615A9748-1E57-4D69-90DD-53E51D66D4E2}"
EndProject
Project("{2150E333-8FDC-42A3-9474-1A3956D46DE8}") = "Task4", "Task4", "{6D83530E-3065-4B2E-BD36-1B44BF7F4F22}"
EndProject
Project("{FAE04EC0-301F-11D3-BF4B-00C04F79EFBC}") = "Tyuiu.NovikovDS.Sprint0.Task4.V0", "Tyuiu.NovikovDS.Sprint0.Task4.V0\Tyuiu.NovikovDS.Sprint0.Task4.V0.csproj", "{4D1E2D66-7868-4F20-A89E-4289E3ED0392}"
EndProject
Project("{FAE04EC0-301F-11D3-BF4B-00C04F79EFBC}") = "Tyuiu.NovikovDS.Sprint0.Task4.V0.Lib", "Tyuiu.NovikovDS.Sprint0.Task4.V0.Lib\Tyuiu.NovikovDS.Sprint0.Task4.V0.Lib.csproj", "{D9547007-6145-4829-BD56-347F476DE68B}"
EndProject
Project("{FAE04EC0-301F-11D3-BF4B-00C04F79EFBC}") = "Tyuiu.NovikovDS.Sprint0.Task4.V0.Test", "Tyuiu.NovikovDS.Sprint0.Task4.V0.Test\Tyuiu.NovikovDS.Sprint0.Task4.V0.Test.csproj", "{6976BC38-BB61-4731-A086-C37B9CA43BEE}"
EndProject
Global
	GlobalSection(SolutionConfigurationPlatforms) = preSolution
		Debug|Any CPU = Debug|Any CPU
		Release|Any CPU = Release|Any CPU
	EndGlobalSection
	GlobalSection(ProjectConfigurationPlatforms) = postSolution
		{B1DF676F-FA9A-454A-93CD-015F15EC88D6}.Debug|Any CPU.ActiveCfg = Debug|Any CPU
		{B1DF676F-FA9A-454A-93CD-015F15EC88D6}.Debug|Any CPU.Build.0 = Debug|Any CPU
		{B1DF676F-FA9A-454A-93CD-015F15EC88D6}.Release|Any CPU.ActiveCfg = Release|Any CPU
		{B1DF676F-FA9A-454A-93CD-015F15EC88D6}.Release|Any CPU.Build.0 = Release|Any CPU
		{8B348E09-7B94-445D-8301-75A22196413F}.Debug|Any CPU.ActiveCfg = Debug|Any CPU
		{8B348E09-7B94-445D-8301-75A22196413F}.Debug|Any CPU.Build.0 = Debug|Any CPU
		{8B348E09-7B94-445D-8301-75A22196413F}.Release|Any CPU.ActiveCfg = Release|Any CPU
		{8B348E09-7B94-445D-8301-75A22196413F}.Release|Any CPU.Build.0 = Release|Any CPU
		{E00B92C5-6197-400E-8D64-17CA2E317476}.Debug|Any CPU.ActiveCfg = Debug|Any CPU
		{E00B92C5-6197-400E-8D64-17CA2E317476}.Debug|Any CPU.Build.0 = Debug|Any CPU
		{E00B92C5-6197-400E-8D64-17CA2E317476}.Release|Any CPU.ActiveCfg = Release|Any CPU
		{E00B92C5-6197-400E-8D64-17CA2E317476}.Release|Any CPU.Build.0 = Release|Any CPU
		{B8F18F05-F685-4223-9791-6E9908DF408C}.Debug|Any CPU.ActiveCfg = Debug|Any CPU
		{B8F18F05-F685-4223-9791-6E9908DF408C}.Debug|Any CPU.Build.0 = Debug|Any CPU
		{B8F18F05-F685-4223-9791-6E9908DF408C}.Release|Any CPU.ActiveCfg = Release|Any CPU
		{B8F18F05-F685-4223-9791-6E9908DF408C}.Release|Any CPU.Build.0 = Release|Any CPU
		{65A7D372-F816-4117-9584-0EC01221264D}.Debug|Any CPU.ActiveCfg = Debug|Any CPU
		{65A7D372-F816-4117-9584-0EC01221264D}.Debug|Any CPU.Build.0 = Debug|Any CPU
		{65A7D372-F816-4117-9584-0EC01221264D}.Release|Any CPU.ActiveCfg = Release|Any CPU
		{65A7D372-F816-4117-9584-0EC01221264D}.Release|Any CPU.Build.0 = Release|Any CPU
		{85E82186-BA12-4412-A9F6-BE6510EFD17A}.Debug|Any CPU.ActiveCfg = Debug|Any CPU
		{85E82186-BA12-4412-A9F6-BE6510EFD17A}.Debug|Any CPU.Build.0 = Debug|Any CPU
		{85E82186-BA12-4412-A9F6-BE6510EFD17A}.Release|Any CPU.ActiveCfg = Release|Any CPU
		{85E82186-BA12-4412-A9F6-BE6510EFD17A}.Release|Any CPU.Build.0 = Release|Any CPU
		{4589437C-E3DE-463D-A992-AA78EB3A2F3C}.Debug|Any CPU.ActiveCfg = Debug|Any CPU
		{4589437C-E3DE-463D-A992-AA78EB3A2F3C}.Debug|Any CPU.Build.0 = Debug|Any CPU
		{4589437C-E3DE-463D-A992-AA78EB3A2F3C}.Release|Any CPU.ActiveCfg = Release|Any CPU
		{4589437C-E3DE-463D-A992-AA78EB3A2F3C}.Release|Any CPU.Build.0 = Release|Any CPU
		{615A9748-1E57-4D69-90DD-53E51D66D4E2}.Debug|Any CPU.ActiveCfg = Debug|Any CPU
		{615A9748-1E57-4D69-90DD-53E51D66D4E2}.Debug|Any CPU.Build.0 = Debug|Any CPU
		{615A9748-1E57-4D69-90DD-53E51D66D4E2}.Release|Any CPU.ActiveCfg = Release|Any CPU
		{615A9748-1E57-4D69-90DD-53E51D66D4E2}.Release|Any CPU.Build.0 = Release|Any CPU
		{4D1E2D66-7868-4F20-A89E-4289E3ED0392}.Debug|Any CPU.ActiveCfg = Debug|Any CPU
		{4D1E2D66-7868-4F20-A89E-4289E3ED0392}.Debug|Any CPU.Build.0 = Debug|Any CPU
		{4D1E2D66-7868-4F20-A89E-4289E3ED0392}.Release|Any CPU.ActiveCfg = Release|Any CPU
		{4D1E2D66-7868-4F20-A89E-4289E3ED0392}.Release|Any CPU.Build.0 = Release|Any CPU
		{D9547007-6145-4829-BD56-347F476DE68B}.Debug|Any CPU.ActiveCfg = Debug|Any CPU
		{D9547007-6145-4829-BD56-347F476DE68B}.Debug|Any CPU.Build.0 = Debug|Any CPU
		{D9547007-6145-4829-BD56-347F476DE68B}.Release|Any CPU.ActiveCfg = Release|Any CPU
		{D9547007-6145-4829-BD56-347F476DE68B}.Release|Any CPU.Build.0 = Release|Any CPU
		{6976BC38-BB61-4731-A086-C37B9CA43BEE}.Debug|Any CPU.ActiveCfg = Debug|Any CPU
		{6976BC38-BB61-4731-A086-C37B9CA43BEE}.Debug|Any CPU.Build.0 = Debug|Any CPU
		{6976BC38-BB61-4731-A086-C37B9CA43BEE}.Release|Any CPU.ActiveCfg = Release|Any CPU
		{6976BC38-BB61-4731-A086-C37B9CA43BEE}.Release|Any CPU.Build.0 = Release|Any CPU
	EndGlobalSection
	GlobalSection(SolutionProperties) = preSolution
		HideSolutionNode = FALSE
	EndGlobalSection
	GlobalSection(NestedProjects) = preSolution
		{B1DF676F-FA9A-454A-93CD-015F15EC88D6} = {40274A0C-5936-4909-BC74-61323083CC7B}
		{8B348E09-7B94-445D-8301-75A22196413F} = {0528EE1E-215E-47EA-A981-F42A131AFCC3}
		{E00B92C5-6197-400E-8D64-17CA2E317476} = {F3CE83A7-3804-4AEF-8DDC-E3F0204D7878}
		{B8F18F05-F685-4223-9791-6E9908DF408C} = {F3CE83A7-3804-4AEF-8DDC-E3F0204D7878}
		{65A7D372-F816-4117-9584-0EC01221264D} = {F3CE83A7-3804-4AEF-8DDC-E3F0204D7878}
		{85E82186-BA12-4412-A9F6-BE6510EFD17A} = {41B2E3DC-F0AD-427C-819C-3C24B0B3D0D3}
		{4589437C-E3DE-463D-A992-AA78EB3A2F3C} = {41B2E3DC-F0AD-427C-819C-3C24B0B3D0D3}
		{615A9748-1E57-4D69-90DD-53E51D66D4E2} = {41B2E3DC-F0AD-427C-819C-3C24B0B3D0D3}
		{4D1E2D66-7868-4F20-A89E-4289E3ED0392} = {6D83530E-3065-4B2E-BD36-1B44BF7F4F22}
		{D9547007-6145-4829-BD56-347F476DE68B} = {6D83530E-3065-4B2E-BD36-1B44BF7F4F22}
		{6976BC38-BB61-4731-A086-C37B9CA43BEE} = {6D83530E-3065-4B2E-BD36-1B44BF7F4F22}
	EndGlobalSection
	GlobalSection(ExtensibilityGlobals) = postSolution
		SolutionGuid = {EEEE4063-6D38-4929-973D-CE0CC541AABB}
	EndGlobalSection
EndGlobal
